
Microsoft Visual Studio Solution File, Format Version 12.00
# Visual Studio Version 17
VisualStudioVersion = 17.0.32014.148
MinimumVisualStudioVersion = 10.0.40219.1
Project("{FAE04EC0-301F-11D3-BF4B-00C04F79EFBC}") = "KatyaRyrs", "KatyaRyrs\KatyaRyrs.csproj", "{11E271C8-6055-4EB4-93E5-12F5103568C6}"
EndProject
Global
	GlobalSection(SolutionConfigurationPlatforms) = preSolution
		Debug|Any CPU = Debug|Any CPU
		Release|Any CPU = Release|Any CPU
	EndGlobalSection
	GlobalSection(ProjectConfigurationPlatforms) = postSolution
		{11E271C8-6055-4EB4-93E5-12F5103568C6}.Debug|Any CPU.ActiveCfg = Debug|Any CPU
		{11E271C8-6055-4EB4-93E5-12F5103568C6}.Debug|Any CPU.Build.0 = Debug|Any CPU
		{11E271C8-6055-4EB4-93E5-12F5103568C6}.Release|Any CPU.ActiveCfg = Release|Any CPU
		{11E271C8-6055-4EB4-93E5-12F5103568C6}.Release|Any CPU.Build.0 = Release|Any CPU
	EndGlobalSection
	GlobalSection(SolutionProperties) = preSolution
		HideSolutionNode = FALSE
	EndGlobalSection
	GlobalSection(ExtensibilityGlobals) = postSolution
		SolutionGuid = {7C6505AC-580C-4D61-BD5C-93A04C60611C}
	EndGlobalSection
EndGlobal
